
Microsoft Visual Studio Solution File, Format Version 12.00
# Visual Studio Version 16
VisualStudioVersion = 16.0.30225.117
MinimumVisualStudioVersion = 10.0.40219.1
Project("{FAE04EC0-301F-11D3-BF4B-00C04F79EFBC}") = "EmployerManagement", "EmployerManagement\EmployerManagement.csproj", "{5283A8BB-98F4-456B-8598-0A8A710F2716}"
EndProject
Global
	GlobalSection(SolutionConfigurationPlatforms) = preSolution
		Debug|Any CPU = Debug|Any CPU
		Release|Any CPU = Release|Any CPU
	EndGlobalSection
	GlobalSection(ProjectConfigurationPlatforms) = postSolution
		{5283A8BB-98F4-456B-8598-0A8A710F2716}.Debug|Any CPU.ActiveCfg = Debug|Any CPU
		{5283A8BB-98F4-456B-8598-0A8A710F2716}.Debug|Any CPU.Build.0 = Debug|Any CPU
		{5283A8BB-98F4-456B-8598-0A8A710F2716}.Release|Any CPU.ActiveCfg = Release|Any CPU
		{5283A8BB-98F4-456B-8598-0A8A710F2716}.Release|Any CPU.Build.0 = Release|Any CPU
	EndGlobalSection
	GlobalSection(SolutionProperties) = preSolution
		HideSolutionNode = FALSE
	EndGlobalSection
	GlobalSection(ExtensibilityGlobals) = postSolution
		SolutionGuid = {16E4B408-ED83-47D4-B2FA-8DF502687B0C}
	EndGlobalSection
EndGlobal
